# This file is automatically @generated by Cargo.
# It is not intended for manual editing.
version = 4

[[package]]
name = "wokrouter-cli"
version = "0.1.0"

[[package]]
name = "wokrouter-control"
version = "0.1.0"

[[package]]
name = "wokrouter-core"
version = "0.1.0"

[[package]]
name = "wokrouter-daemon"
version = "0.1.0"

[[package]]
name = "wokrouter-desktop"
version = "0.1.0"

[[package]]
name = "wokrouter-platform"
version = "0.1.0"

[[package]]
name = "wokrouter-storage"
version = "0.1.0"
